# This file is automatically @generated by Cargo.
# It is not intended for manual editing.
[[package]]
name = "ansi_term"
version = "0.11.0"
source = "registry+https://github.com/rust-lang/crates.io-index"
dependencies = [
 "winapi 0.3.9 (registry+https://github.com/rust-lang/crates.io-index)",
]

[[package]]
name = "atty"
version = "0.2.14"
source = "registry+https://github.com/rust-lang/crates.io-index"
dependencies = [
 "hermit-abi 0.1.18 (registry+https://github.com/rust-lang/crates.io-index)",
 "libc 0.2.82 (registry+https://github.com/rust-lang/crates.io-index)",
 "winapi 0.3.9 (registry+https://github.com/rust-lang/crates.io-index)",
]

[[package]]
name = "bitflags"
version = "1.2.1"
source = "registry+https://github.com/rust-lang/crates.io-index"

[[package]]
name = "bytes"
version = "0.5.6"
source = "registry+https://github.com/rust-lang/crates.io-index"

[[package]]
name = "cc"
version = "1.0.66"
source = "registry+https://github.com/rust-lang/crates.io-index"

[[package]]
name = "cfg-if"
version = "0.1.10"
source = "registry+https://github.com/rust-lang/crates.io-index"

[[package]]
name = "clap"
version = "2.33.3"
source = "registry+https://github.com/rust-lang/crates.io-index"
dependencies = [
 "ansi_term 0.11.0 (registry+https://github.com/rust-lang/crates.io-index)",
 "atty 0.2.14 (registry+https://github.com/rust-lang/crates.io-index)",
 "bitflags 1.2.1 (registry+https://github.com/rust-lang/crates.io-index)",
 "strsim 0.8.0 (registry+https://github.com/rust-lang/crates.io-index)",
 "textwrap 0.11.0 (registry+https://github.com/rust-lang/crates.io-index)",
 "unicode-width 0.1.8 (registry+https://github.com/rust-lang/crates.io-index)",
 "vec_map 0.8.2 (registry+https://github.com/rust-lang/crates.io-index)",
]

[[package]]
name = "dbus"
version = "0.9.1"
source = "registry+https://github.com/rust-lang/crates.io-index"
dependencies = [
 "futures-channel 0.3.12 (registry+https://github.com/rust-lang/crates.io-index)",
 "futures-util 0.3.12 (registry+https://github.com/rust-lang/crates.io-index)",
 "libc 0.2.82 (registry+https://github.com/rust-lang/crates.io-index)",
 "libdbus-sys 0.2.1 (registry+https://github.com/rust-lang/crates.io-index)",
]

[[package]]
name = "dbus-crossroads"
version = "0.3.0"
source = "registry+https://github.com/rust-lang/crates.io-index"
dependencies = [
 "dbus 0.9.1 (registry+https://github.com/rust-lang/crates.io-index)",
]

[[package]]
name = "dbus-tokio"
version = "0.6.0"
source = "registry+https://github.com/rust-lang/crates.io-index"
dependencies = [
 "dbus 0.9.1 (registry+https://github.com/rust-lang/crates.io-index)",
 "libc 0.2.82 (registry+https://github.com/rust-lang/crates.io-index)",
 "mio 0.6.23 (registry+https://github.com/rust-lang/crates.io-index)",
 "tokio 0.2.24 (registry+https://github.com/rust-lang/crates.io-index)",
]

[[package]]
name = "err-derive"
version = "0.2.4"
source = "registry+https://github.com/rust-lang/crates.io-index"
dependencies = [
 "proc-macro-error 1.0.4 (registry+https://github.com/rust-lang/crates.io-index)",
 "proc-macro2 1.0.24 (registry+https://github.com/rust-lang/crates.io-index)",
 "quote 1.0.8 (registry+https://github.com/rust-lang/crates.io-index)",
 "rustversion 1.0.4 (registry+https://github.com/rust-lang/crates.io-index)",
 "syn 1.0.60 (registry+https://github.com/rust-lang/crates.io-index)",
 "synstructure 0.12.4 (registry+https://github.com/rust-lang/crates.io-index)",
]

[[package]]
name = "fern"
version = "0.6.0"
source = "registry+https://github.com/rust-lang/crates.io-index"
dependencies = [
 "log 0.4.13 (registry+https://github.com/rust-lang/crates.io-index)",
]

[[package]]
name = "fuchsia-zircon"
version = "0.3.3"
source = "registry+https://github.com/rust-lang/crates.io-index"
dependencies = [
 "bitflags 1.2.1 (registry+https://github.com/rust-lang/crates.io-index)",
 "fuchsia-zircon-sys 0.3.3 (registry+https://github.com/rust-lang/crates.io-index)",
]

[[package]]
name = "fuchsia-zircon-sys"
version = "0.3.3"
source = "registry+https://github.com/rust-lang/crates.io-index"

[[package]]
name = "futures-channel"
version = "0.3.12"
source = "registry+https://github.com/rust-lang/crates.io-index"
dependencies = [
 "futures-core 0.3.12 (registry+https://github.com/rust-lang/crates.io-index)",
]

[[package]]
name = "futures-core"
version = "0.3.12"
source = "registry+https://github.com/rust-lang/crates.io-index"

[[package]]
name = "futures-io"
version = "0.3.12"
source = "registry+https://github.com/rust-lang/crates.io-index"

[[package]]
name = "futures-macro"
version = "0.3.12"
source = "registry+https://github.com/rust-lang/crates.io-index"
dependencies = [
 "proc-macro-hack 0.5.19 (registry+https://github.com/rust-lang/crates.io-index)",
 "proc-macro2 1.0.24 (registry+https://github.com/rust-lang/crates.io-index)",
 "quote 1.0.8 (registry+https://github.com/rust-lang/crates.io-index)",
 "syn 1.0.60 (registry+https://github.com/rust-lang/crates.io-index)",
]

[[package]]
name = "futures-task"
version = "0.3.12"
source = "registry+https://github.com/rust-lang/crates.io-index"
dependencies = [
 "once_cell 1.5.2 (registry+https://github.com/rust-lang/crates.io-index)",
]

[[package]]
name = "futures-util"
version = "0.3.12"
source = "registry+https://github.com/rust-lang/crates.io-index"
dependencies = [
 "futures-core 0.3.12 (registry+https://github.com/rust-lang/crates.io-index)",
 "futures-io 0.3.12 (registry+https://github.com/rust-lang/crates.io-index)",
 "futures-macro 0.3.12 (registry+https://github.com/rust-lang/crates.io-index)",
 "futures-task 0.3.12 (registry+https://github.com/rust-lang/crates.io-index)",
 "memchr 2.3.4 (registry+https://github.com/rust-lang/crates.io-index)",
 "pin-project-lite 0.2.4 (registry+https://github.com/rust-lang/crates.io-index)",
 "pin-utils 0.1.0 (registry+https://github.com/rust-lang/crates.io-index)",
 "proc-macro-hack 0.5.19 (registry+https://github.com/rust-lang/crates.io-index)",
 "proc-macro-nested 0.1.7 (registry+https://github.com/rust-lang/crates.io-index)",
 "slab 0.4.2 (registry+https://github.com/rust-lang/crates.io-index)",
]

[[package]]
name = "hermit-abi"
version = "0.1.18"
source = "registry+https://github.com/rust-lang/crates.io-index"
dependencies = [
 "libc 0.2.82 (registry+https://github.com/rust-lang/crates.io-index)",
]

[[package]]
name = "hidapi"
version = "1.2.5"
source = "registry+https://github.com/rust-lang/crates.io-index"
dependencies = [
 "cc 1.0.66 (registry+https://github.com/rust-lang/crates.io-index)",
 "libc 0.2.82 (registry+https://github.com/rust-lang/crates.io-index)",
 "pkg-config 0.3.19 (registry+https://github.com/rust-lang/crates.io-index)",
]

[[package]]
name = "inotify"
version = "0.8.3"
source = "registry+https://github.com/rust-lang/crates.io-index"
dependencies = [
 "bitflags 1.2.1 (registry+https://github.com/rust-lang/crates.io-index)",
 "futures-core 0.3.12 (registry+https://github.com/rust-lang/crates.io-index)",
 "inotify-sys 0.1.5 (registry+https://github.com/rust-lang/crates.io-index)",
 "libc 0.2.82 (registry+https://github.com/rust-lang/crates.io-index)",
 "mio 0.6.23 (registry+https://github.com/rust-lang/crates.io-index)",
 "tokio 0.2.24 (registry+https://github.com/rust-lang/crates.io-index)",
]

[[package]]
name = "inotify-sys"
version = "0.1.5"
source = "registry+https://github.com/rust-lang/crates.io-index"
dependencies = [
 "libc 0.2.82 (registry+https://github.com/rust-lang/crates.io-index)",
]

[[package]]
name = "intel-pstate"
version = "0.2.1"
source = "registry+https://github.com/rust-lang/crates.io-index"
dependencies = [
 "err-derive 0.2.4 (registry+https://github.com/rust-lang/crates.io-index)",
 "smart-default 0.6.0 (registry+https://github.com/rust-lang/crates.io-index)",
]

[[package]]
name = "iovec"
version = "0.1.4"
source = "registry+https://github.com/rust-lang/crates.io-index"
dependencies = [
 "libc 0.2.82 (registry+https://github.com/rust-lang/crates.io-index)",
]

[[package]]
name = "itoa"
version = "0.4.7"
source = "registry+https://github.com/rust-lang/crates.io-index"

[[package]]
name = "kernel32-sys"
version = "0.2.2"
source = "registry+https://github.com/rust-lang/crates.io-index"
dependencies = [
 "winapi 0.2.8 (registry+https://github.com/rust-lang/crates.io-index)",
 "winapi-build 0.1.1 (registry+https://github.com/rust-lang/crates.io-index)",
]

[[package]]
name = "lazy_static"
version = "1.4.0"
source = "registry+https://github.com/rust-lang/crates.io-index"

[[package]]
name = "libc"
version = "0.2.82"
source = "registry+https://github.com/rust-lang/crates.io-index"

[[package]]
name = "libdbus-sys"
version = "0.2.1"
source = "registry+https://github.com/rust-lang/crates.io-index"
dependencies = [
 "pkg-config 0.3.19 (registry+https://github.com/rust-lang/crates.io-index)",
]

[[package]]
name = "log"
version = "0.4.13"
source = "registry+https://github.com/rust-lang/crates.io-index"
dependencies = [
 "cfg-if 0.1.10 (registry+https://github.com/rust-lang/crates.io-index)",
]

[[package]]
name = "memchr"
version = "2.3.4"
source = "registry+https://github.com/rust-lang/crates.io-index"

[[package]]
name = "mio"
version = "0.6.23"
source = "registry+https://github.com/rust-lang/crates.io-index"
dependencies = [
 "cfg-if 0.1.10 (registry+https://github.com/rust-lang/crates.io-index)",
 "fuchsia-zircon 0.3.3 (registry+https://github.com/rust-lang/crates.io-index)",
 "fuchsia-zircon-sys 0.3.3 (registry+https://github.com/rust-lang/crates.io-index)",
 "iovec 0.1.4 (registry+https://github.com/rust-lang/crates.io-index)",
 "kernel32-sys 0.2.2 (registry+https://github.com/rust-lang/crates.io-index)",
 "libc 0.2.82 (registry+https://github.com/rust-lang/crates.io-index)",
 "log 0.4.13 (registry+https://github.com/rust-lang/crates.io-index)",
 "miow 0.2.2 (registry+https://github.com/rust-lang/crates.io-index)",
 "net2 0.2.37 (registry+https://github.com/rust-lang/crates.io-index)",
 "slab 0.4.2 (registry+https://github.com/rust-lang/crates.io-index)",
 "winapi 0.2.8 (registry+https://github.com/rust-lang/crates.io-index)",
]

[[package]]
name = "mio-uds"
version = "0.6.8"
source = "registry+https://github.com/rust-lang/crates.io-index"
dependencies = [
 "iovec 0.1.4 (registry+https://github.com/rust-lang/crates.io-index)",
 "libc 0.2.82 (registry+https://github.com/rust-lang/crates.io-index)",
 "mio 0.6.23 (registry+https://github.com/rust-lang/crates.io-index)",
]

[[package]]
name = "miow"
version = "0.2.2"
source = "registry+https://github.com/rust-lang/crates.io-index"
dependencies = [
 "kernel32-sys 0.2.2 (registry+https://github.com/rust-lang/crates.io-index)",
 "net2 0.2.37 (registry+https://github.com/rust-lang/crates.io-index)",
 "winapi 0.2.8 (registry+https://github.com/rust-lang/crates.io-index)",
 "ws2_32-sys 0.2.1 (registry+https://github.com/rust-lang/crates.io-index)",
]

[[package]]
name = "net2"
version = "0.2.37"
source = "registry+https://github.com/rust-lang/crates.io-index"
dependencies = [
 "cfg-if 0.1.10 (registry+https://github.com/rust-lang/crates.io-index)",
 "libc 0.2.82 (registry+https://github.com/rust-lang/crates.io-index)",
 "winapi 0.3.9 (registry+https://github.com/rust-lang/crates.io-index)",
]

[[package]]
name = "num_cpus"
version = "1.13.0"
source = "registry+https://github.com/rust-lang/crates.io-index"
dependencies = [
 "hermit-abi 0.1.18 (registry+https://github.com/rust-lang/crates.io-index)",
 "libc 0.2.82 (registry+https://github.com/rust-lang/crates.io-index)",
]

[[package]]
name = "numtoa"
version = "0.2.3"
source = "registry+https://github.com/rust-lang/crates.io-index"

[[package]]
name = "once_cell"
version = "1.5.2"
source = "registry+https://github.com/rust-lang/crates.io-index"

[[package]]
name = "pin-project-lite"
version = "0.1.11"
source = "registry+https://github.com/rust-lang/crates.io-index"

[[package]]
name = "pin-project-lite"
version = "0.2.4"
source = "registry+https://github.com/rust-lang/crates.io-index"

[[package]]
name = "pin-utils"
version = "0.1.0"
source = "registry+https://github.com/rust-lang/crates.io-index"

[[package]]
name = "pkg-config"
version = "0.3.19"
source = "registry+https://github.com/rust-lang/crates.io-index"

[[package]]
name = "proc-macro-error"
version = "1.0.4"
source = "registry+https://github.com/rust-lang/crates.io-index"
dependencies = [
 "proc-macro-error-attr 1.0.4 (registry+https://github.com/rust-lang/crates.io-index)",
 "proc-macro2 1.0.24 (registry+https://github.com/rust-lang/crates.io-index)",
 "quote 1.0.8 (registry+https://github.com/rust-lang/crates.io-index)",
 "syn 1.0.60 (registry+https://github.com/rust-lang/crates.io-index)",
 "version_check 0.9.2 (registry+https://github.com/rust-lang/crates.io-index)",
]

[[package]]
name = "proc-macro-error-attr"
version = "1.0.4"
source = "registry+https://github.com/rust-lang/crates.io-index"
dependencies = [
 "proc-macro2 1.0.24 (registry+https://github.com/rust-lang/crates.io-index)",
 "quote 1.0.8 (registry+https://github.com/rust-lang/crates.io-index)",
 "version_check 0.9.2 (registry+https://github.com/rust-lang/crates.io-index)",
]

[[package]]
name = "proc-macro-hack"
version = "0.5.19"
source = "registry+https://github.com/rust-lang/crates.io-index"

[[package]]
name = "proc-macro-nested"
version = "0.1.7"
source = "registry+https://github.com/rust-lang/crates.io-index"

[[package]]
name = "proc-macro2"
version = "1.0.24"
source = "registry+https://github.com/rust-lang/crates.io-index"
dependencies = [
 "unicode-xid 0.2.1 (registry+https://github.com/rust-lang/crates.io-index)",
]

[[package]]
name = "quote"
version = "1.0.8"
source = "registry+https://github.com/rust-lang/crates.io-index"
dependencies = [
 "proc-macro2 1.0.24 (registry+https://github.com/rust-lang/crates.io-index)",
]

[[package]]
name = "rustversion"
version = "1.0.4"
source = "registry+https://github.com/rust-lang/crates.io-index"

[[package]]
name = "ryu"
version = "1.0.5"
source = "registry+https://github.com/rust-lang/crates.io-index"

[[package]]
name = "serde"
version = "1.0.122"
source = "registry+https://github.com/rust-lang/crates.io-index"
dependencies = [
 "serde_derive 1.0.122 (registry+https://github.com/rust-lang/crates.io-index)",
]

[[package]]
name = "serde_derive"
version = "1.0.122"
source = "registry+https://github.com/rust-lang/crates.io-index"
dependencies = [
 "proc-macro2 1.0.24 (registry+https://github.com/rust-lang/crates.io-index)",
 "quote 1.0.8 (registry+https://github.com/rust-lang/crates.io-index)",
 "syn 1.0.60 (registry+https://github.com/rust-lang/crates.io-index)",
]

[[package]]
name = "serde_json"
version = "1.0.61"
source = "registry+https://github.com/rust-lang/crates.io-index"
dependencies = [
 "itoa 0.4.7 (registry+https://github.com/rust-lang/crates.io-index)",
 "ryu 1.0.5 (registry+https://github.com/rust-lang/crates.io-index)",
 "serde 1.0.122 (registry+https://github.com/rust-lang/crates.io-index)",
]

[[package]]
name = "signal-hook-registry"
version = "1.3.0"
source = "registry+https://github.com/rust-lang/crates.io-index"
dependencies = [
 "libc 0.2.82 (registry+https://github.com/rust-lang/crates.io-index)",
]

[[package]]
name = "slab"
version = "0.4.2"
source = "registry+https://github.com/rust-lang/crates.io-index"

[[package]]
name = "smart-default"
version = "0.6.0"
source = "registry+https://github.com/rust-lang/crates.io-index"
dependencies = [
 "proc-macro2 1.0.24 (registry+https://github.com/rust-lang/crates.io-index)",
 "quote 1.0.8 (registry+https://github.com/rust-lang/crates.io-index)",
 "syn 1.0.60 (registry+https://github.com/rust-lang/crates.io-index)",
]

[[package]]
name = "strsim"
version = "0.8.0"
source = "registry+https://github.com/rust-lang/crates.io-index"

[[package]]
name = "syn"
version = "1.0.60"
source = "registry+https://github.com/rust-lang/crates.io-index"
dependencies = [
 "proc-macro2 1.0.24 (registry+https://github.com/rust-lang/crates.io-index)",
 "quote 1.0.8 (registry+https://github.com/rust-lang/crates.io-index)",
 "unicode-xid 0.2.1 (registry+https://github.com/rust-lang/crates.io-index)",
]

[[package]]
name = "synstructure"
version = "0.12.4"
source = "registry+https://github.com/rust-lang/crates.io-index"
dependencies = [
 "proc-macro2 1.0.24 (registry+https://github.com/rust-lang/crates.io-index)",
 "quote 1.0.8 (registry+https://github.com/rust-lang/crates.io-index)",
 "syn 1.0.60 (registry+https://github.com/rust-lang/crates.io-index)",
 "unicode-xid 0.2.1 (registry+https://github.com/rust-lang/crates.io-index)",
]

[[package]]
name = "sysfs-class"
version = "0.1.3"
source = "git+https://github.com/pop-os/sysfs-class#c3b86e07c36feb9b705b8c24af1498cbd396de4e"
dependencies = [
 "numtoa 0.2.3 (registry+https://github.com/rust-lang/crates.io-index)",
]

[[package]]
name = "system76-power"
version = "1.1.12"
dependencies = [
 "clap 2.33.3 (registry+https://github.com/rust-lang/crates.io-index)",
 "dbus 0.9.1 (registry+https://github.com/rust-lang/crates.io-index)",
 "dbus-crossroads 0.3.0 (registry+https://github.com/rust-lang/crates.io-index)",
 "dbus-tokio 0.6.0 (registry+https://github.com/rust-lang/crates.io-index)",
 "err-derive 0.2.4 (registry+https://github.com/rust-lang/crates.io-index)",
 "fern 0.6.0 (registry+https://github.com/rust-lang/crates.io-index)",
 "hidapi 1.2.5 (registry+https://github.com/rust-lang/crates.io-index)",
 "inotify 0.8.3 (registry+https://github.com/rust-lang/crates.io-index)",
 "intel-pstate 0.2.1 (registry+https://github.com/rust-lang/crates.io-index)",
 "libc 0.2.82 (registry+https://github.com/rust-lang/crates.io-index)",
 "log 0.4.13 (registry+https://github.com/rust-lang/crates.io-index)",
 "serde 1.0.122 (registry+https://github.com/rust-lang/crates.io-index)",
 "serde_json 1.0.61 (registry+https://github.com/rust-lang/crates.io-index)",
 "sysfs-class 0.1.3 (git+https://github.com/pop-os/sysfs-class)",
 "tokio 0.2.24 (registry+https://github.com/rust-lang/crates.io-index)",
]

[[package]]
name = "textwrap"
version = "0.11.0"
source = "registry+https://github.com/rust-lang/crates.io-index"
dependencies = [
 "unicode-width 0.1.8 (registry+https://github.com/rust-lang/crates.io-index)",
]

[[package]]
name = "tokio"
version = "0.2.24"
source = "registry+https://github.com/rust-lang/crates.io-index"
dependencies = [
 "bytes 0.5.6 (registry+https://github.com/rust-lang/crates.io-index)",
 "futures-core 0.3.12 (registry+https://github.com/rust-lang/crates.io-index)",
 "lazy_static 1.4.0 (registry+https://github.com/rust-lang/crates.io-index)",
 "libc 0.2.82 (registry+https://github.com/rust-lang/crates.io-index)",
 "mio 0.6.23 (registry+https://github.com/rust-lang/crates.io-index)",
 "mio-uds 0.6.8 (registry+https://github.com/rust-lang/crates.io-index)",
 "num_cpus 1.13.0 (registry+https://github.com/rust-lang/crates.io-index)",
 "pin-project-lite 0.1.11 (registry+https://github.com/rust-lang/crates.io-index)",
 "signal-hook-registry 1.3.0 (registry+https://github.com/rust-lang/crates.io-index)",
 "slab 0.4.2 (registry+https://github.com/rust-lang/crates.io-index)",
 "tokio-macros 0.2.6 (registry+https://github.com/rust-lang/crates.io-index)",
 "winapi 0.3.9 (registry+https://github.com/rust-lang/crates.io-index)",
]

[[package]]
name = "tokio-macros"
version = "0.2.6"
source = "registry+https://github.com/rust-lang/crates.io-index"
dependencies = [
 "proc-macro2 1.0.24 (registry+https://github.com/rust-lang/crates.io-index)",
 "quote 1.0.8 (registry+https://github.com/rust-lang/crates.io-index)",
 "syn 1.0.60 (registry+https://github.com/rust-lang/crates.io-index)",
]

[[package]]
name = "unicode-width"
version = "0.1.8"
source = "registry+https://github.com/rust-lang/crates.io-index"

[[package]]
name = "unicode-xid"
version = "0.2.1"
source = "registry+https://github.com/rust-lang/crates.io-index"

[[package]]
name = "vec_map"
version = "0.8.2"
source = "registry+https://github.com/rust-lang/crates.io-index"

[[package]]
name = "version_check"
version = "0.9.2"
source = "registry+https://github.com/rust-lang/crates.io-index"

[[package]]
name = "winapi"
version = "0.2.8"
source = "registry+https://github.com/rust-lang/crates.io-index"

[[package]]
name = "winapi"
version = "0.3.9"
source = "registry+https://github.com/rust-lang/crates.io-index"
dependencies = [
 "winapi-i686-pc-windows-gnu 0.4.0 (registry+https://github.com/rust-lang/crates.io-index)",
 "winapi-x86_64-pc-windows-gnu 0.4.0 (registry+https://github.com/rust-lang/crates.io-index)",
]

[[package]]
name = "winapi-build"
version = "0.1.1"
source = "registry+https://github.com/rust-lang/crates.io-index"

[[package]]
name = "winapi-i686-pc-windows-gnu"
version = "0.4.0"
source = "registry+https://github.com/rust-lang/crates.io-index"

[[package]]
name = "winapi-x86_64-pc-windows-gnu"
version = "0.4.0"
source = "registry+https://github.com/rust-lang/crates.io-index"

[[package]]
name = "ws2_32-sys"
version = "0.2.1"
source = "registry+https://github.com/rust-lang/crates.io-index"
dependencies = [
 "winapi 0.2.8 (registry+https://github.com/rust-lang/crates.io-index)",
 "winapi-build 0.1.1 (registry+https://github.com/rust-lang/crates.io-index)",
]

[metadata]
"checksum ansi_term 0.11.0 (registry+https://github.com/rust-lang/crates.io-index)" = "ee49baf6cb617b853aa8d93bf420db2383fab46d314482ca2803b40d5fde979b"
"checksum atty 0.2.14 (registry+https://github.com/rust-lang/crates.io-index)" = "d9b39be18770d11421cdb1b9947a45dd3f37e93092cbf377614828a319d5fee8"
"checksum bitflags 1.2.1 (registry+https://github.com/rust-lang/crates.io-index)" = "cf1de2fe8c75bc145a2f577add951f8134889b4795d47466a54a5c846d691693"
"checksum bytes 0.5.6 (registry+https://github.com/rust-lang/crates.io-index)" = "0e4cec68f03f32e44924783795810fa50a7035d8c8ebe78580ad7e6c703fba38"
"checksum cc 1.0.66 (registry+https://github.com/rust-lang/crates.io-index)" = "4c0496836a84f8d0495758516b8621a622beb77c0fed418570e50764093ced48"
"checksum cfg-if 0.1.10 (registry+https://github.com/rust-lang/crates.io-index)" = "4785bdd1c96b2a846b2bd7cc02e86b6b3dbf14e7e53446c4f54c92a361040822"
"checksum clap 2.33.3 (registry+https://github.com/rust-lang/crates.io-index)" = "37e58ac78573c40708d45522f0d80fa2f01cc4f9b4e2bf749807255454312002"
"checksum dbus 0.9.1 (registry+https://github.com/rust-lang/crates.io-index)" = "3b1334c0161ddfccd239ac81b188d62015b049c986c5cd0b7f9447cf2c54f4a3"
"checksum dbus-crossroads 0.3.0 (registry+https://github.com/rust-lang/crates.io-index)" = "0a816e8ae3382c7b1bccfa6f2778346ee5b13f80e0eccf80cf8f2912af73995a"
"checksum dbus-tokio 0.6.0 (registry+https://github.com/rust-lang/crates.io-index)" = "b6840421e249bf51f6ad1873b53f7423f14e712208792dfe4b3a8ff99f713309"
"checksum err-derive 0.2.4 (registry+https://github.com/rust-lang/crates.io-index)" = "22deed3a8124cff5fa835713fa105621e43bbdc46690c3a6b68328a012d350d4"
"checksum fern 0.6.0 (registry+https://github.com/rust-lang/crates.io-index)" = "8c9a4820f0ccc8a7afd67c39a0f1a0f4b07ca1725164271a64939d7aeb9af065"
"checksum fuchsia-zircon 0.3.3 (registry+https://github.com/rust-lang/crates.io-index)" = "2e9763c69ebaae630ba35f74888db465e49e259ba1bc0eda7d06f4a067615d82"
"checksum fuchsia-zircon-sys 0.3.3 (registry+https://github.com/rust-lang/crates.io-index)" = "3dcaa9ae7725d12cdb85b3ad99a434db70b468c09ded17e012d86b5c1010f7a7"
"checksum futures-channel 0.3.12 (registry+https://github.com/rust-lang/crates.io-index)" = "f2d31b7ec7efab6eefc7c57233bb10b847986139d88cc2f5a02a1ae6871a1846"
"checksum futures-core 0.3.12 (registry+https://github.com/rust-lang/crates.io-index)" = "79e5145dde8da7d1b3892dad07a9c98fc04bc39892b1ecc9692cf53e2b780a65"
"checksum futures-io 0.3.12 (registry+https://github.com/rust-lang/crates.io-index)" = "28be053525281ad8259d47e4de5de657b25e7bac113458555bb4b70bc6870500"
"checksum futures-macro 0.3.12 (registry+https://github.com/rust-lang/crates.io-index)" = "c287d25add322d9f9abdcdc5927ca398917996600182178774032e9f8258fedd"
"checksum futures-task 0.3.12 (registry+https://github.com/rust-lang/crates.io-index)" = "13de07eb8ea81ae445aca7b69f5f7bf15d7bf4912d8ca37d6645c77ae8a58d86"
"checksum futures-util 0.3.12 (registry+https://github.com/rust-lang/crates.io-index)" = "632a8cd0f2a4b3fdea1657f08bde063848c3bd00f9bbf6e256b8be78802e624b"
"checksum hermit-abi 0.1.18 (registry+https://github.com/rust-lang/crates.io-index)" = "322f4de77956e22ed0e5032c359a0f1273f1f7f0d79bfa3b8ffbc730d7fbcc5c"
"checksum hidapi 1.2.5 (registry+https://github.com/rust-lang/crates.io-index)" = "76c352a18370f7e7e47bcbfcbdc5432b8c80c705b5d751a25232c659fcf5c775"
"checksum inotify 0.8.3 (registry+https://github.com/rust-lang/crates.io-index)" = "46dd0a94b393c730779ccfd2a872b67b1eb67be3fc33082e733bdb38b5fde4d4"
"checksum inotify-sys 0.1.5 (registry+https://github.com/rust-lang/crates.io-index)" = "e05c02b5e89bff3b946cedeca278abc628fe811e604f027c45a8aa3cf793d0eb"
"checksum intel-pstate 0.2.1 (registry+https://github.com/rust-lang/crates.io-index)" = "b0e7f68d8a6d149a5b2195ab645923c63ee35928fff58895b3c1d21541afe90c"
"checksum iovec 0.1.4 (registry+https://github.com/rust-lang/crates.io-index)" = "b2b3ea6ff95e175473f8ffe6a7eb7c00d054240321b84c57051175fe3c1e075e"
"checksum itoa 0.4.7 (registry+https://github.com/rust-lang/crates.io-index)" = "dd25036021b0de88a0aff6b850051563c6516d0bf53f8638938edbb9de732736"
"checksum kernel32-sys 0.2.2 (registry+https://github.com/rust-lang/crates.io-index)" = "7507624b29483431c0ba2d82aece8ca6cdba9382bff4ddd0f7490560c056098d"
"checksum lazy_static 1.4.0 (registry+https://github.com/rust-lang/crates.io-index)" = "e2abad23fbc42b3700f2f279844dc832adb2b2eb069b2df918f455c4e18cc646"
"checksum libc 0.2.82 (registry+https://github.com/rust-lang/crates.io-index)" = "89203f3fba0a3795506acaad8ebce3c80c0af93f994d5a1d7a0b1eeb23271929"
"checksum libdbus-sys 0.2.1 (registry+https://github.com/rust-lang/crates.io-index)" = "dc12a3bc971424edbbf7edaf6e5740483444db63aa8e23d3751ff12a30f306f0"
"checksum log 0.4.13 (registry+https://github.com/rust-lang/crates.io-index)" = "fcf3805d4480bb5b86070dcfeb9e2cb2ebc148adb753c5cca5f884d1d65a42b2"
"checksum memchr 2.3.4 (registry+https://github.com/rust-lang/crates.io-index)" = "0ee1c47aaa256ecabcaea351eae4a9b01ef39ed810004e298d2511ed284b1525"
"checksum mio 0.6.23 (registry+https://github.com/rust-lang/crates.io-index)" = "4afd66f5b91bf2a3bc13fad0e21caedac168ca4c707504e75585648ae80e4cc4"
"checksum mio-uds 0.6.8 (registry+https://github.com/rust-lang/crates.io-index)" = "afcb699eb26d4332647cc848492bbc15eafb26f08d0304550d5aa1f612e066f0"
"checksum miow 0.2.2 (registry+https://github.com/rust-lang/crates.io-index)" = "ebd808424166322d4a38da87083bfddd3ac4c131334ed55856112eb06d46944d"
"checksum net2 0.2.37 (registry+https://github.com/rust-lang/crates.io-index)" = "391630d12b68002ae1e25e8f974306474966550ad82dac6886fb8910c19568ae"
"checksum num_cpus 1.13.0 (registry+https://github.com/rust-lang/crates.io-index)" = "05499f3756671c15885fee9034446956fff3f243d6077b91e5767df161f766b3"
"checksum numtoa 0.2.3 (registry+https://github.com/rust-lang/crates.io-index)" = "e521b6adefa0b2c1fa5d2abdf9a5216288686fe6146249215d884c0e5ab320b0"
"checksum once_cell 1.5.2 (registry+https://github.com/rust-lang/crates.io-index)" = "13bd41f508810a131401606d54ac32a467c97172d74ba7662562ebba5ad07fa0"
"checksum pin-project-lite 0.1.11 (registry+https://github.com/rust-lang/crates.io-index)" = "c917123afa01924fc84bb20c4c03f004d9c38e5127e3c039bbf7f4b9c76a2f6b"
"checksum pin-project-lite 0.2.4 (registry+https://github.com/rust-lang/crates.io-index)" = "439697af366c49a6d0a010c56a0d97685bc140ce0d377b13a2ea2aa42d64a827"
"checksum pin-utils 0.1.0 (registry+https://github.com/rust-lang/crates.io-index)" = "8b870d8c151b6f2fb93e84a13146138f05d02ed11c7e7c54f8826aaaf7c9f184"
"checksum pkg-config 0.3.19 (registry+https://github.com/rust-lang/crates.io-index)" = "3831453b3449ceb48b6d9c7ad7c96d5ea673e9b470a1dc578c2ce6521230884c"
"checksum proc-macro-error 1.0.4 (registry+https://github.com/rust-lang/crates.io-index)" = "da25490ff9892aab3fcf7c36f08cfb902dd3e71ca0f9f9517bea02a73a5ce38c"
"checksum proc-macro-error-attr 1.0.4 (registry+https://github.com/rust-lang/crates.io-index)" = "a1be40180e52ecc98ad80b184934baf3d0d29f979574e439af5a55274b35f869"
"checksum proc-macro-hack 0.5.19 (registry+https://github.com/rust-lang/crates.io-index)" = "dbf0c48bc1d91375ae5c3cd81e3722dff1abcf81a30960240640d223f59fe0e5"
"checksum proc-macro-nested 0.1.7 (registry+https://github.com/rust-lang/crates.io-index)" = "bc881b2c22681370c6a780e47af9840ef841837bc98118431d4e1868bd0c1086"
"checksum proc-macro2 1.0.24 (registry+https://github.com/rust-lang/crates.io-index)" = "1e0704ee1a7e00d7bb417d0770ea303c1bccbabf0ef1667dae92b5967f5f8a71"
"checksum quote 1.0.8 (registry+https://github.com/rust-lang/crates.io-index)" = "991431c3519a3f36861882da93630ce66b52918dcf1b8e2fd66b397fc96f28df"
"checksum rustversion 1.0.4 (registry+https://github.com/rust-lang/crates.io-index)" = "cb5d2a036dc6d2d8fd16fde3498b04306e29bd193bf306a57427019b823d5acd"
"checksum ryu 1.0.5 (registry+https://github.com/rust-lang/crates.io-index)" = "71d301d4193d031abdd79ff7e3dd721168a9572ef3fe51a1517aba235bd8f86e"
"checksum serde 1.0.122 (registry+https://github.com/rust-lang/crates.io-index)" = "974ef1bd2ad8a507599b336595454081ff68a9599b4890af7643c0c0ed73a62c"
"checksum serde_derive 1.0.122 (registry+https://github.com/rust-lang/crates.io-index)" = "8dee1f300f838c8ac340ecb0112b3ac472464fa67e87292bdb3dfc9c49128e17"
"checksum serde_json 1.0.61 (registry+https://github.com/rust-lang/crates.io-index)" = "4fceb2595057b6891a4ee808f70054bd2d12f0e97f1cbb78689b59f676df325a"
"checksum signal-hook-registry 1.3.0 (registry+https://github.com/rust-lang/crates.io-index)" = "16f1d0fef1604ba8f7a073c7e701f213e056707210e9020af4528e0101ce11a6"
"checksum slab 0.4.2 (registry+https://github.com/rust-lang/crates.io-index)" = "c111b5bd5695e56cffe5129854aa230b39c93a305372fdbb2668ca2394eea9f8"
"checksum smart-default 0.6.0 (registry+https://github.com/rust-lang/crates.io-index)" = "133659a15339456eeeb07572eb02a91c91e9815e9cbc89566944d2c8d3efdbf6"
"checksum strsim 0.8.0 (registry+https://github.com/rust-lang/crates.io-index)" = "8ea5119cdb4c55b55d432abb513a0429384878c15dde60cc77b1c99de1a95a6a"
"checksum syn 1.0.60 (registry+https://github.com/rust-lang/crates.io-index)" = "c700597eca8a5a762beb35753ef6b94df201c81cca676604f547495a0d7f0081"
"checksum synstructure 0.12.4 (registry+https://github.com/rust-lang/crates.io-index)" = "b834f2d66f734cb897113e34aaff2f1ab4719ca946f9a7358dba8f8064148701"
"checksum sysfs-class 0.1.3 (git+https://github.com/pop-os/sysfs-class)" = "<none>"
"checksum textwrap 0.11.0 (registry+https://github.com/rust-lang/crates.io-index)" = "d326610f408c7a4eb6f51c37c330e496b08506c9457c9d34287ecc38809fb060"
"checksum tokio 0.2.24 (registry+https://github.com/rust-lang/crates.io-index)" = "099837d3464c16a808060bb3f02263b412f6fafcb5d01c533d309985fbeebe48"
"checksum tokio-macros 0.2.6 (registry+https://github.com/rust-lang/crates.io-index)" = "e44da00bfc73a25f814cd8d7e57a68a5c31b74b3152a0a1d1f590c97ed06265a"
"checksum unicode-width 0.1.8 (registry+https://github.com/rust-lang/crates.io-index)" = "9337591893a19b88d8d87f2cec1e73fad5cdfd10e5a6f349f498ad6ea2ffb1e3"
"checksum unicode-xid 0.2.1 (registry+https://github.com/rust-lang/crates.io-index)" = "f7fe0bb3479651439c9112f72b6c505038574c9fbb575ed1bf3b797fa39dd564"
"checksum vec_map 0.8.2 (registry+https://github.com/rust-lang/crates.io-index)" = "f1bddf1187be692e79c5ffeab891132dfb0f236ed36a43c7ed39f1165ee20191"
"checksum version_check 0.9.2 (registry+https://github.com/rust-lang/crates.io-index)" = "b5a972e5669d67ba988ce3dc826706fb0a8b01471c088cb0b6110b805cc36aed"
"checksum winapi 0.2.8 (registry+https://github.com/rust-lang/crates.io-index)" = "167dc9d6949a9b857f3451275e911c3f44255842c1f7a76f33c55103a909087a"
"checksum winapi 0.3.9 (registry+https://github.com/rust-lang/crates.io-index)" = "5c839a674fcd7a98952e593242ea400abe93992746761e38641405d28b00f419"
"checksum winapi-build 0.1.1 (registry+https://github.com/rust-lang/crates.io-index)" = "2d315eee3b34aca4797b2da6b13ed88266e6d612562a0c46390af8299fc699bc"
"checksum winapi-i686-pc-windows-gnu 0.4.0 (registry+https://github.com/rust-lang/crates.io-index)" = "ac3b87c63620426dd9b991e5ce0329eff545bccbbb34f3be09ff6fb6ab51b7b6"
"checksum winapi-x86_64-pc-windows-gnu 0.4.0 (registry+https://github.com/rust-lang/crates.io-index)" = "712e227841d057c1ee1cd2fb22fa7e5a5461ae8e48fa2ca79ec42cfc1931183f"
"checksum ws2_32-sys 0.2.1 (registry+https://github.com/rust-lang/crates.io-index)" = "d59cefebd0c892fa2dd6de581e937301d8552cb44489cdff035c6187cb63fa5e"
